
Microsoft Visual Studio Solution File, Format Version 12.00
# Visual Studio Version 17
VisualStudioVersion = 17.4.33205.214
MinimumVisualStudioVersion = 10.0.40219.1
Project("{FAE04EC0-301F-11D3-BF4B-00C04F79EFBC}") = "LibraryManagementSystem", "LibraryManagementSystem.csproj", "{1173F1CB-35C1-40C2-B562-8C7BD109E4C0}"
EndProject
Global
	GlobalSection(SolutionConfigurationPlatforms) = preSolution
		Debug|Any CPU = Debug|Any CPU
		Release|Any CPU = Release|Any CPU
	EndGlobalSection
	GlobalSection(ProjectConfigurationPlatforms) = postSolution
		{1173F1CB-35C1-40C2-B562-8C7BD109E4C0}.Debug|Any CPU.ActiveCfg = Debug|Any CPU
		{1173F1CB-35C1-40C2-B562-8C7BD109E4C0}.Debug|Any CPU.Build.0 = Debug|Any CPU
		{1173F1CB-35C1-40C2-B562-8C7BD109E4C0}.Release|Any CPU.ActiveCfg = Release|Any CPU
		{1173F1CB-35C1-40C2-B562-8C7BD109E4C0}.Release|Any CPU.Build.0 = Release|Any CPU
	EndGlobalSection
	GlobalSection(SolutionProperties) = preSolution
		HideSolutionNode = FALSE
	EndGlobalSection
	GlobalSection(ExtensibilityGlobals) = postSolution
		SolutionGuid = {F2EBBFAE-3012-410A-9007-FBB49E62FD98}
	EndGlobalSection
EndGlobal
